// !$*UTF8*$!
{
	archiveVersion = 1;
	classes = {
	};
	objectVersion = 48;
	objects = {

/* Begin PBXBuildFile section */
		7822048B20193B3700439343 /* Resource.swift in Sources */ = {isa = PBXBuildFile; fileRef = 7822048A20193B3700439343 /* Resource.swift */; };
		7822048D20193CC200439343 /* WebService.swift in Sources */ = {isa = PBXBuildFile; fileRef = 7822048C20193CC200439343 /* WebService.swift */; };
		7822048F20193FA800439343 /* Router.swift in Sources */ = {isa = PBXBuildFile; fileRef = 7822048E20193FA800439343 /* Router.swift */; };
		782204942019462900439343 /* ProfileViewController.swift in Sources */ = {isa = PBXBuildFile; fileRef = 782204922019462900439343 /* ProfileViewController.swift */; };
		782204952019462900439343 /* ProfileViewController.xib in Resources */ = {isa = PBXBuildFile; fileRef = 782204932019462900439343 /* ProfileViewController.xib */; };
		7822049C2019478100439343 /* RoutineViewController.swift in Sources */ = {isa = PBXBuildFile; fileRef = 7822049A2019478100439343 /* RoutineViewController.swift */; };
		7822049D2019478100439343 /* RoutineViewController.xib in Resources */ = {isa = PBXBuildFile; fileRef = 7822049B2019478100439343 /* RoutineViewController.xib */; };
		7822049F201A53AB00439343 /* PeakUITextField.swift in Sources */ = {isa = PBXBuildFile; fileRef = 7822049E201A53AB00439343 /* PeakUITextField.swift */; };
		782204A3201A800000439343 /* UIColorExtension.swift in Sources */ = {isa = PBXBuildFile; fileRef = 782204A2201A800000439343 /* UIColorExtension.swift */; };
		7822F8CE2006790800439343 /* AppDelegate.swift in Sources */ = {isa = PBXBuildFile; fileRef = 7822F8CD2006790800439343 /* AppDelegate.swift */; };
		7822F8D02006790800439343 /* ViewController.swift in Sources */ = {isa = PBXBuildFile; fileRef = 7822F8CF2006790800439343 /* ViewController.swift */; };
		7822F8D32006790800439343 /* Main.storyboard in Resources */ = {isa = PBXBuildFile; fileRef = 7822F8D12006790800439343 /* Main.storyboard */; };
		7822F8D62006790800439343 /* FYPv4.xcdatamodeld in Sources */ = {isa = PBXBuildFile; fileRef = 7822F8D42006790800439343 /* FYPv4.xcdatamodeld */; };
		7822F8D82006790800439343 /* Assets.xcassets in Resources */ = {isa = PBXBuildFile; fileRef = 7822F8D72006790800439343 /* Assets.xcassets */; };
		7822F8DB2006790800439343 /* LaunchScreen.storyboard in Resources */ = {isa = PBXBuildFile; fileRef = 7822F8D92006790800439343 /* LaunchScreen.storyboard */; };
		7822F8E62006790800439343 /* FYPv4Tests.swift in Sources */ = {isa = PBXBuildFile; fileRef = 7822F8E52006790800439343 /* FYPv4Tests.swift */; };
		7822F8F12006790800439343 /* FYPv4UITests.swift in Sources */ = {isa = PBXBuildFile; fileRef = 7822F8F02006790800439343 /* FYPv4UITests.swift */; };
		7822F8FF2006797C00439343 /* Workout.swift in Sources */ = {isa = PBXBuildFile; fileRef = 7822F8FE2006797C00439343 /* Workout.swift */; };
		7822F90220067BE700439343 /* Movement.swift in Sources */ = {isa = PBXBuildFile; fileRef = 7822F90120067BE700439343 /* Movement.swift */; };
		7822F9072006821D00439343 /* Database.swift in Sources */ = {isa = PBXBuildFile; fileRef = 7822F9062006821D00439343 /* Database.swift */; };
		7822F9092006893600439343 /* Workouts.swift in Sources */ = {isa = PBXBuildFile; fileRef = 7822F9082006893600439343 /* Workouts.swift */; };
		7822F90B200E40D400439343 /* User.swift in Sources */ = {isa = PBXBuildFile; fileRef = 7822F90A200E40D400439343 /* User.swift */; };
		7822F90E2010E65E00439343 /* HomeViewController.swift in Sources */ = {isa = PBXBuildFile; fileRef = 7822F90C2010E65E00439343 /* HomeViewController.swift */; };
		7822F90F2010E65E00439343 /* HomeViewController.xib in Resources */ = {isa = PBXBuildFile; fileRef = 7822F90D2010E65E00439343 /* HomeViewController.xib */; };
		7822F9122010EBD300439343 /* TabItem.swift in Sources */ = {isa = PBXBuildFile; fileRef = 7822F9112010EBD300439343 /* TabItem.swift */; };
		7822F9152011A39500439343 /* LoginViewController.swift in Sources */ = {isa = PBXBuildFile; fileRef = 7822F9132011A39500439343 /* LoginViewController.swift */; };
		7822F9162011A39500439343 /* LoginViewController.xib in Resources */ = {isa = PBXBuildFile; fileRef = 7822F9142011A39500439343 /* LoginViewController.xib */; };
		7822F91C2012694000439343 /* NibLoadableView.swift in Sources */ = {isa = PBXBuildFile; fileRef = 7822F91B2012694000439343 /* NibLoadableView.swift */; };
		7822F91F20126A6500439343 /* Token.swift in Sources */ = {isa = PBXBuildFile; fileRef = 7822F91E20126A6500439343 /* Token.swift */; };
		7822F92120126EAC00439343 /* Persistable.swift in Sources */ = {isa = PBXBuildFile; fileRef = 7822F92020126EAC00439343 /* Persistable.swift */; };
		7822F923201272BB00439343 /* UserDefaultsStore.swift in Sources */ = {isa = PBXBuildFile; fileRef = 7822F922201272BB00439343 /* UserDefaultsStore.swift */; };
		7822F9252013E0EA00439343 /* LoginViewState.swift in Sources */ = {isa = PBXBuildFile; fileRef = 7822F9242013E0EA00439343 /* LoginViewState.swift */; };
		7822F9272013E86100439343 /* Result.swift in Sources */ = {isa = PBXBuildFile; fileRef = 7822F9262013E86100439343 /* Result.swift */; };
		7822F9292013EA2C00439343 /* StringExtension.swift in Sources */ = {isa = PBXBuildFile; fileRef = 7822F9282013EA2C00439343 /* StringExtension.swift */; };
		7823716A206C358D00C3B2AB /* WebWorkout.swift in Sources */ = {isa = PBXBuildFile; fileRef = 78237169206C358D00C3B2AB /* WebWorkout.swift */; };
		7823716C206D272300C3B2AB /* ErrorView.swift in Sources */ = {isa = PBXBuildFile; fileRef = 7823716B206D272300C3B2AB /* ErrorView.swift */; };
		7823716E206D288A00C3B2AB /* ErrorViewDelegate.swift in Sources */ = {isa = PBXBuildFile; fileRef = 7823716D206D288A00C3B2AB /* ErrorViewDelegate.swift */; };
		7823717120715B0000C3B2AB /* WorkoutDetailView.swift in Sources */ = {isa = PBXBuildFile; fileRef = 7823716F20715B0000C3B2AB /* WorkoutDetailView.swift */; };
		7823717220715B0000C3B2AB /* WorkoutDetailView.xib in Resources */ = {isa = PBXBuildFile; fileRef = 7823717020715B0000C3B2AB /* WorkoutDetailView.xib */; };
		782828BE205A93AD00E1D80C /* EditMenuViewController.swift in Sources */ = {isa = PBXBuildFile; fileRef = 782828BC205A93AD00E1D80C /* EditMenuViewController.swift */; };
		782828BF205A93AD00E1D80C /* EditMenuViewController.xib in Resources */ = {isa = PBXBuildFile; fileRef = 782828BD205A93AD00E1D80C /* EditMenuViewController.xib */; };
		7876A727204DF6FB001AEA9D /* ViewConfigurable.swift in Sources */ = {isa = PBXBuildFile; fileRef = 7876A726204DF6FB001AEA9D /* ViewConfigurable.swift */; };
		7876A72A204DF7A4001AEA9D /* FYP + Constraints.swift in Sources */ = {isa = PBXBuildFile; fileRef = 7876A729204DF7A4001AEA9D /* FYP + Constraints.swift */; };
		7885954820659B8200BA2371 /* InputTableViewCell.swift in Sources */ = {isa = PBXBuildFile; fileRef = 7885954620659B8200BA2371 /* InputTableViewCell.swift */; };
		7885954920659B8200BA2371 /* InputTableViewCell.xib in Resources */ = {isa = PBXBuildFile; fileRef = 7885954720659B8200BA2371 /* InputTableViewCell.xib */; };
		7885954C206808AA00BA2371 /* PickerTableViewCell.swift in Sources */ = {isa = PBXBuildFile; fileRef = 7885954A206808AA00BA2371 /* PickerTableViewCell.swift */; };
		7885954D206808AA00BA2371 /* PickerTableViewCell.xib in Resources */ = {isa = PBXBuildFile; fileRef = 7885954B206808AA00BA2371 /* PickerTableViewCell.xib */; };
		788AAAC6204F350A0015BE06 /* HomeCollectionViewCell.swift in Sources */ = {isa = PBXBuildFile; fileRef = 788AAAC4204F350A0015BE06 /* HomeCollectionViewCell.swift */; };
		788AAAC7204F350A0015BE06 /* HomeCollectionViewCell.xib in Resources */ = {isa = PBXBuildFile; fileRef = 788AAAC5204F350A0015BE06 /* HomeCollectionViewCell.xib */; };
		788AAAC9204F36C80015BE06 /* CollectionViewDelegatable.swift in Sources */ = {isa = PBXBuildFile; fileRef = 788AAAC8204F36C80015BE06 /* CollectionViewDelegatable.swift */; };
		788AAACB204F884C0015BE06 /* FYP + CollectionView.swift in Sources */ = {isa = PBXBuildFile; fileRef = 788AAACA204F884C0015BE06 /* FYP + CollectionView.swift */; };
		788AAACD204F8A890015BE06 /* ViewControllerStyles.swift in Sources */ = {isa = PBXBuildFile; fileRef = 788AAACC204F8A890015BE06 /* ViewControllerStyles.swift */; };
		788AAACF205040B00015BE06 /* FYP + Fonts.swift in Sources */ = {isa = PBXBuildFile; fileRef = 788AAACE205040B00015BE06 /* FYP + Fonts.swift */; };
		788AAAD2205068920015BE06 /* HomeCollectionReusableViewHeader.swift in Sources */ = {isa = PBXBuildFile; fileRef = 788AAAD0205068920015BE06 /* HomeCollectionReusableViewHeader.swift */; };
		788AAAD3205068920015BE06 /* HomeCollectionReusableViewHeader.xib in Resources */ = {isa = PBXBuildFile; fileRef = 788AAAD1205068920015BE06 /* HomeCollectionReusableViewHeader.xib */; };
		788AAAD520506B070015BE06 /* FYP + Date.swift in Sources */ = {isa = PBXBuildFile; fileRef = 788AAAD420506B070015BE06 /* FYP + Date.swift */; };
		788AAAD82050AFB10015BE06 /* RoutineTableViewCell.swift in Sources */ = {isa = PBXBuildFile; fileRef = 788AAAD62050AFB10015BE06 /* RoutineTableViewCell.swift */; };
		788AAAD92050AFB10015BE06 /* RoutineTableViewCell.xib in Resources */ = {isa = PBXBuildFile; fileRef = 788AAAD72050AFB10015BE06 /* RoutineTableViewCell.xib */; };
		788AAADB2050B08B0015BE06 /* TableViewDelegatable.swift in Sources */ = {isa = PBXBuildFile; fileRef = 788AAADA2050B08B0015BE06 /* TableViewDelegatable.swift */; };
		788AAADD205166340015BE06 /* Routine.swift in Sources */ = {isa = PBXBuildFile; fileRef = 788AAADC205166340015BE06 /* Routine.swift */; };
		788AAADF205166FA0015BE06 /* DaysOfTheWeek.swift in Sources */ = {isa = PBXBuildFile; fileRef = 788AAADE205166FA0015BE06 /* DaysOfTheWeek.swift */; };
		788AAAE1205168570015BE06 /* WorkoutType.swift in Sources */ = {isa = PBXBuildFile; fileRef = 788AAAE0205168570015BE06 /* WorkoutType.swift */; };
		788AAAE320517B110015BE06 /* UserAuthDelegatable.swift in Sources */ = {isa = PBXBuildFile; fileRef = 788AAAE220517B110015BE06 /* UserAuthDelegatable.swift */; };
		788AAAE52051944C0015BE06 /* NoRoutineUIView.swift in Sources */ = {isa = PBXBuildFile; fileRef = 788AAAE42051944C0015BE06 /* NoRoutineUIView.swift */; };
		788AAAE7205199E00015BE06 /* NoRoutineActionDelegate.swift in Sources */ = {isa = PBXBuildFile; fileRef = 788AAAE6205199E00015BE06 /* NoRoutineActionDelegate.swift */; };
		788AAAE92051BCE70015BE06 /* CanSwitchTabBarViewControllers.swift in Sources */ = {isa = PBXBuildFile; fileRef = 788AAAE82051BCE70015BE06 /* CanSwitchTabBarViewControllers.swift */; };
		788AAAF02051D41C0015BE06 /* FYP + UIButton.swift in Sources */ = {isa = PBXBuildFile; fileRef = 788AAAEF2051D41C0015BE06 /* FYP + UIButton.swift */; };
		78D85000201BC0B0008FFFB3 /* BoolResponse.swift in Sources */ = {isa = PBXBuildFile; fileRef = 78D84FFF201BC0B0008FFFB3 /* BoolResponse.swift */; };
		78D85002201BDF78008FFFB3 /* Email.swift in Sources */ = {isa = PBXBuildFile; fileRef = 78D85001201BDF78008FFFB3 /* Email.swift */; };
		78D85004201BE8F5008FFFB3 /* PeakUITextFieldDelegate.swift in Sources */ = {isa = PBXBuildFile; fileRef = 78D85003201BE8F4008FFFB3 /* PeakUITextFieldDelegate.swift */; };
		78D85006201C22B2008FFFB3 /* LoginViewControllerTextViewExtension.swift in Sources */ = {isa = PBXBuildFile; fileRef = 78D85005201C22B2008FFFB3 /* LoginViewControllerTextViewExtension.swift */; };
		78D9E6882031217000102F73 /* UIViewControllerExtension.swift in Sources */ = {isa = PBXBuildFile; fileRef = 78D9E6872031217000102F73 /* UIViewControllerExtension.swift */; };
		78E5A500206189A300F9903F /* CreateWorkoutViewController.swift in Sources */ = {isa = PBXBuildFile; fileRef = 78E5A4FE206189A300F9903F /* CreateWorkoutViewController.swift */; };
		78E5A501206189A300F9903F /* CreateWorkoutViewController.xib in Resources */ = {isa = PBXBuildFile; fileRef = 78E5A4FF206189A300F9903F /* CreateWorkoutViewController.xib */; };
		78E5A5FF2062DC4000F9903F /* MovementDetailView.swift in Sources */ = {isa = PBXBuildFile; fileRef = 78E5A5FD2062DC4000F9903F /* MovementDetailView.swift */; };
		78E5A6002062DC4000F9903F /* MovementDetailView.xib in Resources */ = {isa = PBXBuildFile; fileRef = 78E5A5FE2062DC4000F9903F /* MovementDetailView.xib */; };
		78F0B188205387B500918F07 /* RoutineViewState.swift in Sources */ = {isa = PBXBuildFile; fileRef = 78F0B187205387B500918F07 /* RoutineViewState.swift */; };
		78F0B18A20544C3100918F07 /* RoutineTableViewHeader.swift in Sources */ = {isa = PBXBuildFile; fileRef = 78F0B18920544C3100918F07 /* RoutineTableViewHeader.swift */; };
		78F0B18C2054C02800918F07 /* DayByDayModel.swift in Sources */ = {isa = PBXBuildFile; fileRef = 78F0B18B2054C02800918F07 /* DayByDayModel.swift */; };
		78F0B18E2054C25000918F07 /* WorkoutDay.swift in Sources */ = {isa = PBXBuildFile; fileRef = 78F0B18D2054C25000918F07 /* WorkoutDay.swift */; };
		78F0B1982055A83200918F07 /* RoutineViewModel.swift in Sources */ = {isa = PBXBuildFile; fileRef = 78F0B1972055A83200918F07 /* RoutineViewModel.swift */; };
		78F0B19A2055A8BE00918F07 /* RoutineType.swift in Sources */ = {isa = PBXBuildFile; fileRef = 78F0B1992055A8BE00918F07 /* RoutineType.swift */; };
		78F0B19D205718E500918F07 /* ModalWorkoutTypeViewController.swift in Sources */ = {isa = PBXBuildFile; fileRef = 78F0B19B205718E500918F07 /* ModalWorkoutTypeViewController.swift */; };
		78F0B19E205718E500918F07 /* ModalWorkoutTypeViewController.xib in Resources */ = {isa = PBXBuildFile; fileRef = 78F0B19C205718E500918F07 /* ModalWorkoutTypeViewController.xib */; };
		78F0B1A02057191900918F07 /* ModalDelegatable.swift in Sources */ = {isa = PBXBuildFile; fileRef = 78F0B19F2057191900918F07 /* ModalDelegatable.swift */; };
/* End PBXBuildFile section */

/* Begin PBXContainerItemProxy section */
		7822F8E22006790800439343 /* PBXContainerItemProxy */ = {
			isa = PBXContainerItemProxy;
			containerPortal = 7822F8C22006790800439343 /* Project object */;
			proxyType = 1;
			remoteGlobalIDString = 7822F8C92006790800439343;
			remoteInfo = FYPv4;
		};
		7822F8ED2006790800439343 /* PBXContainerItemProxy */ = {
			isa = PBXContainerItemProxy;
			containerPortal = 7822F8C22006790800439343 /* Project object */;
			proxyType = 1;
			remoteGlobalIDString = 7822F8C92006790800439343;
			remoteInfo = FYPv4;
		};
/* End PBXContainerItemProxy section */

/* Begin PBXFileReference section */
		7822048A20193B3700439343 /* Resource.swift */ = {isa = PBXFileReference; lastKnownFileType = sourcecode.swift; path = Resource.swift; sourceTree = "<group>"; };
		7822048C20193CC200439343 /* WebService.swift */ = {isa = PBXFileReference; lastKnownFileType = sourcecode.swift; path = WebService.swift; sourceTree = "<group>"; };
		7822048E20193FA800439343 /* Router.swift */ = {isa = PBXFileReference; lastKnownFileType = sourcecode.swift; path = Router.swift; sourceTree = "<group>"; };
		782204922019462900439343 /* ProfileViewController.swift */ = {isa = PBXFileReference; lastKnownFileType = sourcecode.swift; path = ProfileViewController.swift; sourceTree = "<group>"; };
		782204932019462900439343 /* ProfileViewController.xib */ = {isa = PBXFileReference; lastKnownFileType = file.xib; path = ProfileViewController.xib; sourceTree = "<group>"; };
		7822049A2019478100439343 /* RoutineViewController.swift */ = {isa = PBXFileReference; lastKnownFileType = sourcecode.swift; path = RoutineViewController.swift; sourceTree = "<group>"; };
		7822049B2019478100439343 /* RoutineViewController.xib */ = {isa = PBXFileReference; lastKnownFileType = file.xib; path = RoutineViewController.xib; sourceTree = "<group>"; };
		7822049E201A53AB00439343 /* PeakUITextField.swift */ = {isa = PBXFileReference; lastKnownFileType = sourcecode.swift; path = PeakUITextField.swift; sourceTree = "<group>"; };
		782204A2201A800000439343 /* UIColorExtension.swift */ = {isa = PBXFileReference; lastKnownFileType = sourcecode.swift; path = UIColorExtension.swift; sourceTree = "<group>"; };
		7822F8CA2006790800439343 /* FYPv4.app */ = {isa = PBXFileReference; explicitFileType = wrapper.application; includeInIndex = 0; path = FYPv4.app; sourceTree = BUILT_PRODUCTS_DIR; };
		7822F8CD2006790800439343 /* AppDelegate.swift */ = {isa = PBXFileReference; lastKnownFileType = sourcecode.swift; path = AppDelegate.swift; sourceTree = "<group>"; };
		7822F8CF2006790800439343 /* ViewController.swift */ = {isa = PBXFileReference; lastKnownFileType = sourcecode.swift; path = ViewController.swift; sourceTree = "<group>"; };
		7822F8D22006790800439343 /* Base */ = {isa = PBXFileReference; lastKnownFileType = file.storyboard; name = Base; path = Base.lproj/Main.storyboard; sourceTree = "<group>"; };
		7822F8D52006790800439343 /* FYPv4.xcdatamodel */ = {isa = PBXFileReference; lastKnownFileType = wrapper.xcdatamodel; path = FYPv4.xcdatamodel; sourceTree = "<group>"; };
		7822F8D72006790800439343 /* Assets.xcassets */ = {isa = PBXFileReference; lastKnownFileType = folder.assetcatalog; path = Assets.xcassets; sourceTree = "<group>"; };
		7822F8DA2006790800439343 /* Base */ = {isa = PBXFileReference; lastKnownFileType = file.storyboard; name = Base; path = Base.lproj/LaunchScreen.storyboard; sourceTree = "<group>"; };
		7822F8DC2006790800439343 /* Info.plist */ = {isa = PBXFileReference; lastKnownFileType = text.plist.xml; path = Info.plist; sourceTree = "<group>"; };
		7822F8E12006790800439343 /* FYPv4Tests.xctest */ = {isa = PBXFileReference; explicitFileType = wrapper.cfbundle; includeInIndex = 0; path = FYPv4Tests.xctest; sourceTree = BUILT_PRODUCTS_DIR; };
		7822F8E52006790800439343 /* FYPv4Tests.swift */ = {isa = PBXFileReference; lastKnownFileType = sourcecode.swift; path = FYPv4Tests.swift; sourceTree = "<group>"; };
		7822F8E72006790800439343 /* Info.plist */ = {isa = PBXFileReference; lastKnownFileType = text.plist.xml; path = Info.plist; sourceTree = "<group>"; };
		7822F8EC2006790800439343 /* FYPv4UITests.xctest */ = {isa = PBXFileReference; explicitFileType = wrapper.cfbundle; includeInIndex = 0; path = FYPv4UITests.xctest; sourceTree = BUILT_PRODUCTS_DIR; };
		7822F8F02006790800439343 /* FYPv4UITests.swift */ = {isa = PBXFileReference; lastKnownFileType = sourcecode.swift; path = FYPv4UITests.swift; sourceTree = "<group>"; };
		7822F8F22006790800439343 /* Info.plist */ = {isa = PBXFileReference; lastKnownFileType = text.plist.xml; path = Info.plist; sourceTree = "<group>"; };
		7822F8FE2006797C00439343 /* Workout.swift */ = {isa = PBXFileReference; lastKnownFileType = sourcecode.swift; path = Workout.swift; sourceTree = "<group>"; };
		7822F90120067BE700439343 /* Movement.swift */ = {isa = PBXFileReference; lastKnownFileType = sourcecode.swift; path = Movement.swift; sourceTree = "<group>"; };
		7822F9062006821D00439343 /* Database.swift */ = {isa = PBXFileReference; lastKnownFileType = sourcecode.swift; path = Database.swift; sourceTree = "<group>"; };
		7822F9082006893600439343 /* Workouts.swift */ = {isa = PBXFileReference; lastKnownFileType = sourcecode.swift; path = Workouts.swift; sourceTree = "<group>"; };
		7822F90A200E40D400439343 /* User.swift */ = {isa = PBXFileReference; lastKnownFileType = sourcecode.swift; path = User.swift; sourceTree = "<group>"; };
		7822F90C2010E65E00439343 /* HomeViewController.swift */ = {isa = PBXFileReference; lastKnownFileType = sourcecode.swift; path = HomeViewController.swift; sourceTree = "<group>"; };
		7822F90D2010E65E00439343 /* HomeViewController.xib */ = {isa = PBXFileReference; lastKnownFileType = file.xib; path = HomeViewController.xib; sourceTree = "<group>"; };
		7822F9112010EBD300439343 /* TabItem.swift */ = {isa = PBXFileReference; lastKnownFileType = sourcecode.swift; path = TabItem.swift; sourceTree = "<group>"; };
		7822F9132011A39500439343 /* LoginViewController.swift */ = {isa = PBXFileReference; lastKnownFileType = sourcecode.swift; path = LoginViewController.swift; sourceTree = "<group>"; };
		7822F9142011A39500439343 /* LoginViewController.xib */ = {isa = PBXFileReference; lastKnownFileType = file.xib; path = LoginViewController.xib; sourceTree = "<group>"; };
		7822F91B2012694000439343 /* NibLoadableView.swift */ = {isa = PBXFileReference; lastKnownFileType = sourcecode.swift; path = NibLoadableView.swift; sourceTree = "<group>"; };
		7822F91E20126A6500439343 /* Token.swift */ = {isa = PBXFileReference; lastKnownFileType = sourcecode.swift; path = Token.swift; sourceTree = "<group>"; };
		7822F92020126EAC00439343 /* Persistable.swift */ = {isa = PBXFileReference; lastKnownFileType = sourcecode.swift; path = Persistable.swift; sourceTree = "<group>"; };
		7822F922201272BB00439343 /* UserDefaultsStore.swift */ = {isa = PBXFileReference; lastKnownFileType = sourcecode.swift; path = UserDefaultsStore.swift; sourceTree = "<group>"; };
		7822F9242013E0EA00439343 /* LoginViewState.swift */ = {isa = PBXFileReference; lastKnownFileType = sourcecode.swift; path = LoginViewState.swift; sourceTree = "<group>"; };
		7822F9262013E86100439343 /* Result.swift */ = {isa = PBXFileReference; lastKnownFileType = sourcecode.swift; path = Result.swift; sourceTree = "<group>"; };
		7822F9282013EA2C00439343 /* StringExtension.swift */ = {isa = PBXFileReference; lastKnownFileType = sourcecode.swift; path = StringExtension.swift; sourceTree = "<group>"; };
		78237169206C358D00C3B2AB /* WebWorkout.swift */ = {isa = PBXFileReference; lastKnownFileType = sourcecode.swift; path = WebWorkout.swift; sourceTree = "<group>"; };
		7823716B206D272300C3B2AB /* ErrorView.swift */ = {isa = PBXFileReference; lastKnownFileType = sourcecode.swift; path = ErrorView.swift; sourceTree = "<group>"; };
		7823716D206D288A00C3B2AB /* ErrorViewDelegate.swift */ = {isa = PBXFileReference; lastKnownFileType = sourcecode.swift; path = ErrorViewDelegate.swift; sourceTree = "<group>"; };
		7823716F20715B0000C3B2AB /* WorkoutDetailView.swift */ = {isa = PBXFileReference; lastKnownFileType = sourcecode.swift; path = WorkoutDetailView.swift; sourceTree = "<group>"; };
		7823717020715B0000C3B2AB /* WorkoutDetailView.xib */ = {isa = PBXFileReference; lastKnownFileType = file.xib; path = WorkoutDetailView.xib; sourceTree = "<group>"; };
		782828BC205A93AD00E1D80C /* EditMenuViewController.swift */ = {isa = PBXFileReference; lastKnownFileType = sourcecode.swift; path = EditMenuViewController.swift; sourceTree = "<group>"; };
		782828BD205A93AD00E1D80C /* EditMenuViewController.xib */ = {isa = PBXFileReference; lastKnownFileType = file.xib; path = EditMenuViewController.xib; sourceTree = "<group>"; };
		7876A726204DF6FB001AEA9D /* ViewConfigurable.swift */ = {isa = PBXFileReference; lastKnownFileType = sourcecode.swift; path = ViewConfigurable.swift; sourceTree = "<group>"; };
		7876A729204DF7A4001AEA9D /* FYP + Constraints.swift */ = {isa = PBXFileReference; lastKnownFileType = sourcecode.swift; path = "FYP + Constraints.swift"; sourceTree = "<group>"; };
		7885954620659B8200BA2371 /* InputTableViewCell.swift */ = {isa = PBXFileReference; lastKnownFileType = sourcecode.swift; path = InputTableViewCell.swift; sourceTree = "<group>"; };
		7885954720659B8200BA2371 /* InputTableViewCell.xib */ = {isa = PBXFileReference; lastKnownFileType = file.xib; path = InputTableViewCell.xib; sourceTree = "<group>"; };
		7885954A206808AA00BA2371 /* PickerTableViewCell.swift */ = {isa = PBXFileReference; lastKnownFileType = sourcecode.swift; path = PickerTableViewCell.swift; sourceTree = "<group>"; };
		7885954B206808AA00BA2371 /* PickerTableViewCell.xib */ = {isa = PBXFileReference; lastKnownFileType = file.xib; path = PickerTableViewCell.xib; sourceTree = "<group>"; };
		788AAAC4204F350A0015BE06 /* HomeCollectionViewCell.swift */ = {isa = PBXFileReference; lastKnownFileType = sourcecode.swift; path = HomeCollectionViewCell.swift; sourceTree = "<group>"; };
		788AAAC5204F350A0015BE06 /* HomeCollectionViewCell.xib */ = {isa = PBXFileReference; lastKnownFileType = file.xib; path = HomeCollectionViewCell.xib; sourceTree = "<group>"; };
		788AAAC8204F36C80015BE06 /* CollectionViewDelegatable.swift */ = {isa = PBXFileReference; lastKnownFileType = sourcecode.swift; path = CollectionViewDelegatable.swift; sourceTree = "<group>"; };
		788AAACA204F884C0015BE06 /* FYP + CollectionView.swift */ = {isa = PBXFileReference; lastKnownFileType = sourcecode.swift; path = "FYP + CollectionView.swift"; sourceTree = "<group>"; };
		788AAACC204F8A890015BE06 /* ViewControllerStyles.swift */ = {isa = PBXFileReference; lastKnownFileType = sourcecode.swift; path = ViewControllerStyles.swift; sourceTree = "<group>"; };
		788AAACE205040B00015BE06 /* FYP + Fonts.swift */ = {isa = PBXFileReference; lastKnownFileType = sourcecode.swift; path = "FYP + Fonts.swift"; sourceTree = "<group>"; };
		788AAAD0205068920015BE06 /* HomeCollectionReusableViewHeader.swift */ = {isa = PBXFileReference; lastKnownFileType = sourcecode.swift; path = HomeCollectionReusableViewHeader.swift; sourceTree = "<group>"; };
		788AAAD1205068920015BE06 /* HomeCollectionReusableViewHeader.xib */ = {isa = PBXFileReference; lastKnownFileType = file.xib; path = HomeCollectionReusableViewHeader.xib; sourceTree = "<group>"; };
		788AAAD420506B070015BE06 /* FYP + Date.swift */ = {isa = PBXFileReference; lastKnownFileType = sourcecode.swift; path = "FYP + Date.swift"; sourceTree = "<group>"; };
		788AAAD62050AFB10015BE06 /* RoutineTableViewCell.swift */ = {isa = PBXFileReference; lastKnownFileType = sourcecode.swift; path = RoutineTableViewCell.swift; sourceTree = "<group>"; };
		788AAAD72050AFB10015BE06 /* RoutineTableViewCell.xib */ = {isa = PBXFileReference; lastKnownFileType = file.xib; path = RoutineTableViewCell.xib; sourceTree = "<group>"; };
		788AAADA2050B08B0015BE06 /* TableViewDelegatable.swift */ = {isa = PBXFileReference; lastKnownFileType = sourcecode.swift; path = TableViewDelegatable.swift; sourceTree = "<group>"; };
		788AAADC205166340015BE06 /* Routine.swift */ = {isa = PBXFileReference; lastKnownFileType = sourcecode.swift; path = Routine.swift; sourceTree = "<group>"; };
		788AAADE205166FA0015BE06 /* DaysOfTheWeek.swift */ = {isa = PBXFileReference; lastKnownFileType = sourcecode.swift; path = DaysOfTheWeek.swift; sourceTree = "<group>"; };
		788AAAE0205168570015BE06 /* WorkoutType.swift */ = {isa = PBXFileReference; lastKnownFileType = sourcecode.swift; path = WorkoutType.swift; sourceTree = "<group>"; };
		788AAAE220517B110015BE06 /* UserAuthDelegatable.swift */ = {isa = PBXFileReference; lastKnownFileType = sourcecode.swift; name = UserAuthDelegatable.swift; path = FYPv4/Protocols/UserAuthDelegatable.swift; sourceTree = SOURCE_ROOT; };
		788AAAE42051944C0015BE06 /* NoRoutineUIView.swift */ = {isa = PBXFileReference; lastKnownFileType = sourcecode.swift; path = NoRoutineUIView.swift; sourceTree = "<group>"; };
		788AAAE6205199E00015BE06 /* NoRoutineActionDelegate.swift */ = {isa = PBXFileReference; lastKnownFileType = sourcecode.swift; path = NoRoutineActionDelegate.swift; sourceTree = "<group>"; };
		788AAAE82051BCE70015BE06 /* CanSwitchTabBarViewControllers.swift */ = {isa = PBXFileReference; lastKnownFileType = sourcecode.swift; path = CanSwitchTabBarViewControllers.swift; sourceTree = "<group>"; };
		788AAAEF2051D41C0015BE06 /* FYP + UIButton.swift */ = {isa = PBXFileReference; lastKnownFileType = sourcecode.swift; path = "FYP + UIButton.swift"; sourceTree = "<group>"; };
		78D84FFF201BC0B0008FFFB3 /* BoolResponse.swift */ = {isa = PBXFileReference; lastKnownFileType = sourcecode.swift; path = BoolResponse.swift; sourceTree = "<group>"; };
		78D85001201BDF78008FFFB3 /* Email.swift */ = {isa = PBXFileReference; lastKnownFileType = sourcecode.swift; path = Email.swift; sourceTree = "<group>"; };
		78D85003201BE8F4008FFFB3 /* PeakUITextFieldDelegate.swift */ = {isa = PBXFileReference; fileEncoding = 4; lastKnownFileType = sourcecode.swift; path = PeakUITextFieldDelegate.swift; sourceTree = "<group>"; };
		78D85005201C22B2008FFFB3 /* LoginViewControllerTextViewExtension.swift */ = {isa = PBXFileReference; lastKnownFileType = sourcecode.swift; path = LoginViewControllerTextViewExtension.swift; sourceTree = "<group>"; };
		78D9E6872031217000102F73 /* UIViewControllerExtension.swift */ = {isa = PBXFileReference; lastKnownFileType = sourcecode.swift; path = UIViewControllerExtension.swift; sourceTree = "<group>"; };
		78E5A4FE206189A300F9903F /* CreateWorkoutViewController.swift */ = {isa = PBXFileReference; lastKnownFileType = sourcecode.swift; path = CreateWorkoutViewController.swift; sourceTree = "<group>"; };
		78E5A4FF206189A300F9903F /* CreateWorkoutViewController.xib */ = {isa = PBXFileReference; lastKnownFileType = file.xib; path = CreateWorkoutViewController.xib; sourceTree = "<group>"; };
		78E5A5FD2062DC4000F9903F /* MovementDetailView.swift */ = {isa = PBXFileReference; lastKnownFileType = sourcecode.swift; path = MovementDetailView.swift; sourceTree = "<group>"; };
		78E5A5FE2062DC4000F9903F /* MovementDetailView.xib */ = {isa = PBXFileReference; lastKnownFileType = file.xib; path = MovementDetailView.xib; sourceTree = "<group>"; };
		78F0B187205387B500918F07 /* RoutineViewState.swift */ = {isa = PBXFileReference; lastKnownFileType = sourcecode.swift; path = RoutineViewState.swift; sourceTree = "<group>"; };
		78F0B18920544C3100918F07 /* RoutineTableViewHeader.swift */ = {isa = PBXFileReference; lastKnownFileType = sourcecode.swift; path = RoutineTableViewHeader.swift; sourceTree = "<group>"; };
		78F0B18B2054C02800918F07 /* DayByDayModel.swift */ = {isa = PBXFileReference; lastKnownFileType = sourcecode.swift; path = DayByDayModel.swift; sourceTree = "<group>"; };
		78F0B18D2054C25000918F07 /* WorkoutDay.swift */ = {isa = PBXFileReference; lastKnownFileType = sourcecode.swift; path = WorkoutDay.swift; sourceTree = "<group>"; };
		78F0B1972055A83200918F07 /* RoutineViewModel.swift */ = {isa = PBXFileReference; lastKnownFileType = sourcecode.swift; path = RoutineViewModel.swift; sourceTree = "<group>"; };
		78F0B1992055A8BE00918F07 /* RoutineType.swift */ = {isa = PBXFileReference; lastKnownFileType = sourcecode.swift; path = RoutineType.swift; sourceTree = "<group>"; };
		78F0B19B205718E500918F07 /* ModalWorkoutTypeViewController.swift */ = {isa = PBXFileReference; lastKnownFileType = sourcecode.swift; path = ModalWorkoutTypeViewController.swift; sourceTree = "<group>"; };
		78F0B19C205718E500918F07 /* ModalWorkoutTypeViewController.xib */ = {isa = PBXFileReference; lastKnownFileType = file.xib; path = ModalWorkoutTypeViewController.xib; sourceTree = "<group>"; };
		78F0B19F2057191900918F07 /* ModalDelegatable.swift */ = {isa = PBXFileReference; lastKnownFileType = sourcecode.swift; path = ModalDelegatable.swift; sourceTree = "<group>"; };
/* End PBXFileReference section */

/* Begin PBXFrameworksBuildPhase section */
		7822F8C72006790800439343 /* Frameworks */ = {
			isa = PBXFrameworksBuildPhase;
			buildActionMask = 2147483647;
			files = (
			);
			runOnlyForDeploymentPostprocessing = 0;
		};
		7822F8DE2006790800439343 /* Frameworks */ = {
			isa = PBXFrameworksBuildPhase;
			buildActionMask = 2147483647;
			files = (
			);
			runOnlyForDeploymentPostprocessing = 0;
		};
		7822F8E92006790800439343 /* Frameworks */ = {
			isa = PBXFrameworksBuildPhase;
			buildActionMask = 2147483647;
			files = (
			);
			runOnlyForDeploymentPostprocessing = 0;
		};
/* End PBXFrameworksBuildPhase section */

/* Begin PBXGroup section */
		57A7E44B3F148A05FE92F207 /* Frameworks */ = {
			isa = PBXGroup;
			children = (
			);
			name = Frameworks;
			sourceTree = "<group>";
		};
		7822F8C12006790800439343 = {
			isa = PBXGroup;
			children = (
				7822F8CC2006790800439343 /* FYPv4 */,
				7822F8E42006790800439343 /* FYPv4Tests */,
				7822F8EF2006790800439343 /* FYPv4UITests */,
				7822F8CB2006790800439343 /* Products */,
				57A7E44B3F148A05FE92F207 /* Frameworks */,
			);
			sourceTree = "<group>";
		};
		7822F8CB2006790800439343 /* Products */ = {
			isa = PBXGroup;
			children = (
				7822F8CA2006790800439343 /* FYPv4.app */,
				7822F8E12006790800439343 /* FYPv4Tests.xctest */,
				7822F8EC2006790800439343 /* FYPv4UITests.xctest */,
			);
			name = Products;
			sourceTree = "<group>";
		};
		7822F8CC2006790800439343 /* FYPv4 */ = {
			isa = PBXGroup;
			children = (
				7822F8CD2006790800439343 /* AppDelegate.swift */,
				7822F8CF2006790800439343 /* ViewController.swift */,
				7876A728204DF780001AEA9D /* Extensions */,
				7822F91D2012694800439343 /* Protocols */,
				7822F9102010E66F00439343 /* Views */,
				7822F9002006798500439343 /* Models */,
				7822F8D12006790800439343 /* Main.storyboard */,
				7822F8D72006790800439343 /* Assets.xcassets */,
				7822F8D92006790800439343 /* LaunchScreen.storyboard */,
				7822F8DC2006790800439343 /* Info.plist */,
				7822F8D42006790800439343 /* FYPv4.xcdatamodeld */,
			);
			path = FYPv4;
			sourceTree = "<group>";
		};
		7822F8E42006790800439343 /* FYPv4Tests */ = {
			isa = PBXGroup;
			children = (
				7822F8E52006790800439343 /* FYPv4Tests.swift */,
				7822F8E72006790800439343 /* Info.plist */,
			);
			path = FYPv4Tests;
			sourceTree = "<group>";
		};
		7822F8EF2006790800439343 /* FYPv4UITests */ = {
			isa = PBXGroup;
			children = (
				7822F8F02006790800439343 /* FYPv4UITests.swift */,
				7822F8F22006790800439343 /* Info.plist */,
			);
			path = FYPv4UITests;
			sourceTree = "<group>";
		};
		7822F9002006798500439343 /* Models */ = {
			isa = PBXGroup;
			children = (
				7823716B206D272300C3B2AB /* ErrorView.swift */,
				78F0B1972055A83200918F07 /* RoutineViewModel.swift */,
				78F0B1992055A8BE00918F07 /* RoutineType.swift */,
				7822049E201A53AB00439343 /* PeakUITextField.swift */,
				788AAADC205166340015BE06 /* Routine.swift */,
				78F0B18B2054C02800918F07 /* DayByDayModel.swift */,
				78F0B18D2054C25000918F07 /* WorkoutDay.swift */,
				788AAAE0205168570015BE06 /* WorkoutType.swift */,
				788AAADE205166FA0015BE06 /* DaysOfTheWeek.swift */,
				7822048E20193FA800439343 /* Router.swift */,
				78237169206C358D00C3B2AB /* WebWorkout.swift */,
				7822048A20193B3700439343 /* Resource.swift */,
				78D84FFF201BC0B0008FFFB3 /* BoolResponse.swift */,
				78D85001201BDF78008FFFB3 /* Email.swift */,
				7822048C20193CC200439343 /* WebService.swift */,
				7822F9062006821D00439343 /* Database.swift */,
				7822F9262013E86100439343 /* Result.swift */,
				7822F91E20126A6500439343 /* Token.swift */,
				7822F922201272BB00439343 /* UserDefaultsStore.swift */,
				7822F90A200E40D400439343 /* User.swift */,
				7822F9242013E0EA00439343 /* LoginViewState.swift */,
				7822F8FE2006797C00439343 /* Workout.swift */,
				7822F9082006893600439343 /* Workouts.swift */,
				7822F90120067BE700439343 /* Movement.swift */,
				7822F9112010EBD300439343 /* TabItem.swift */,
			);
			path = Models;
			sourceTree = "<group>";
		};
		7822F9102010E66F00439343 /* Views */ = {
			isa = PBXGroup;
			children = (
				78735D7B2029148A007CF3DF /* Home */,
				78735D7C20291493007CF3DF /* Login */,
				78735D7D2029149D007CF3DF /* Profile */,
				78E5A502206189B000F9903F /* Workout */,
				78735D7E202914A4007CF3DF /* Routine */,
			);
			path = Views;
			sourceTree = "<group>";
		};
		7822F91D2012694800439343 /* Protocols */ = {
			isa = PBXGroup;
			children = (
				7823716D206D288A00C3B2AB /* ErrorViewDelegate.swift */,
				78F0B19F2057191900918F07 /* ModalDelegatable.swift */,
				788AAAE220517B110015BE06 /* UserAuthDelegatable.swift */,
				78D85003201BE8F4008FFFB3 /* PeakUITextFieldDelegate.swift */,
				788AAAC8204F36C80015BE06 /* CollectionViewDelegatable.swift */,
				788AAADA2050B08B0015BE06 /* TableViewDelegatable.swift */,
				7822F91B2012694000439343 /* NibLoadableView.swift */,
				7876A726204DF6FB001AEA9D /* ViewConfigurable.swift */,
				788AAAE6205199E00015BE06 /* NoRoutineActionDelegate.swift */,
				7822F92020126EAC00439343 /* Persistable.swift */,
				788AAAE82051BCE70015BE06 /* CanSwitchTabBarViewControllers.swift */,
			);
			path = Protocols;
			sourceTree = "<group>";
		};
		7823717320715B0C00C3B2AB /* Detail View */ = {
			isa = PBXGroup;
			children = (
				7823716F20715B0000C3B2AB /* WorkoutDetailView.swift */,
				7823717020715B0000C3B2AB /* WorkoutDetailView.xib */,
			);
			path = "Detail View";
			sourceTree = "<group>";
		};
		782828BA205A92E800E1D80C /* Controller */ = {
			isa = PBXGroup;
			children = (
				7822049A2019478100439343 /* RoutineViewController.swift */,
				7822049B2019478100439343 /* RoutineViewController.xib */,
			);
			path = Controller;
			sourceTree = "<group>";
		};
		782828BB205A92F800E1D80C /* Cell */ = {
			isa = PBXGroup;
			children = (
				78F0B18920544C3100918F07 /* RoutineTableViewHeader.swift */,
				788AAAD62050AFB10015BE06 /* RoutineTableViewCell.swift */,
				788AAAD72050AFB10015BE06 /* RoutineTableViewCell.xib */,
			);
			path = Cell;
			sourceTree = "<group>";
		};
		78735D7B2029148A007CF3DF /* Home */ = {
			isa = PBXGroup;
			children = (
				788AAAC4204F350A0015BE06 /* HomeCollectionViewCell.swift */,
				788AAAC5204F350A0015BE06 /* HomeCollectionViewCell.xib */,
				7822F90C2010E65E00439343 /* HomeViewController.swift */,
				7822F90D2010E65E00439343 /* HomeViewController.xib */,
				788AAAD0205068920015BE06 /* HomeCollectionReusableViewHeader.swift */,
				788AAAD1205068920015BE06 /* HomeCollectionReusableViewHeader.xib */,
			);
			path = Home;
			sourceTree = "<group>";
		};
		78735D7C20291493007CF3DF /* Login */ = {
			isa = PBXGroup;
			children = (
				7822F9132011A39500439343 /* LoginViewController.swift */,
				78D85005201C22B2008FFFB3 /* LoginViewControllerTextViewExtension.swift */,
				7822F9142011A39500439343 /* LoginViewController.xib */,
			);
			path = Login;
			sourceTree = "<group>";
		};
		78735D7D2029149D007CF3DF /* Profile */ = {
			isa = PBXGroup;
			children = (
				782204922019462900439343 /* ProfileViewController.swift */,
				782204932019462900439343 /* ProfileViewController.xib */,
			);
			path = Profile;
			sourceTree = "<group>";
		};
		78735D7E202914A4007CF3DF /* Routine */ = {
			isa = PBXGroup;
			children = (
				788AAAEE2051D3D40015BE06 /* Modal & Menu */,
				782828BA205A92E800E1D80C /* Controller */,
				782828BB205A92F800E1D80C /* Cell */,
				788AAAE42051944C0015BE06 /* NoRoutineUIView.swift */,
				78F0B187205387B500918F07 /* RoutineViewState.swift */,
			);
			path = Routine;
			sourceTree = "<group>";
		};
		7876A728204DF780001AEA9D /* Extensions */ = {
			isa = PBXGroup;
			children = (
				788AAACC204F8A890015BE06 /* ViewControllerStyles.swift */,
				788AAAEF2051D41C0015BE06 /* FYP + UIButton.swift */,
				788AAACE205040B00015BE06 /* FYP + Fonts.swift */,
				788AAAD420506B070015BE06 /* FYP + Date.swift */,
				788AAACA204F884C0015BE06 /* FYP + CollectionView.swift */,
				78D9E6872031217000102F73 /* UIViewControllerExtension.swift */,
				7876A729204DF7A4001AEA9D /* FYP + Constraints.swift */,
				7822F9282013EA2C00439343 /* StringExtension.swift */,
				782204A2201A800000439343 /* UIColorExtension.swift */,
			);
			path = Extensions;
			sourceTree = "<group>";
		};
		7885954E206808C300BA2371 /* Cells */ = {
			isa = PBXGroup;
			children = (
				7885954A206808AA00BA2371 /* PickerTableViewCell.swift */,
				7885954B206808AA00BA2371 /* PickerTableViewCell.xib */,
				7885954620659B8200BA2371 /* InputTableViewCell.swift */,
				7885954720659B8200BA2371 /* InputTableViewCell.xib */,
			);
			path = Cells;
			sourceTree = "<group>";
		};
		788AAAEE2051D3D40015BE06 /* Modal & Menu */ = {
			isa = PBXGroup;
			children = (
				78F0B19B205718E500918F07 /* ModalWorkoutTypeViewController.swift */,
				78F0B19C205718E500918F07 /* ModalWorkoutTypeViewController.xib */,
				782828BC205A93AD00E1D80C /* EditMenuViewController.swift */,
				782828BD205A93AD00E1D80C /* EditMenuViewController.xib */,
			);
			path = "Modal & Menu";
			sourceTree = "<group>";
		};
		78E5A502206189B000F9903F /* Workout */ = {
			isa = PBXGroup;
			children = (
				78E5A5FD2062DC4000F9903F /* MovementDetailView.swift */,
				78E5A5FE2062DC4000F9903F /* MovementDetailView.xib */,
				78E5A4FE206189A300F9903F /* CreateWorkoutViewController.swift */,
				78E5A4FF206189A300F9903F /* CreateWorkoutViewController.xib */,
				7885954E206808C300BA2371 /* Cells */,
				7823717320715B0C00C3B2AB /* Detail View */,
			);
			path = Workout;
			sourceTree = "<group>";
		};
/* End PBXGroup section */

/* Begin PBXNativeTarget section */
		7822F8C92006790800439343 /* FYPv4 */ = {
			isa = PBXNativeTarget;
			buildConfigurationList = 7822F8F52006790800439343 /* Build configuration list for PBXNativeTarget "FYPv4" */;
			buildPhases = (
				7822F8C62006790800439343 /* Sources */,
				7822F8C72006790800439343 /* Frameworks */,
				7822F8C82006790800439343 /* Resources */,
			);
			buildRules = (
			);
			dependencies = (
			);
			name = FYPv4;
			productName = FYPv4;
			productReference = 7822F8CA2006790800439343 /* FYPv4.app */;
			productType = "com.apple.product-type.application";
		};
		7822F8E02006790800439343 /* FYPv4Tests */ = {
			isa = PBXNativeTarget;
			buildConfigurationList = 7822F8F82006790800439343 /* Build configuration list for PBXNativeTarget "FYPv4Tests" */;
			buildPhases = (
				699967DF7E9A41CE9B329613 /* [CP] Check Pods Manifest.lock */,
				7822F8DD2006790800439343 /* Sources */,
				7822F8DE2006790800439343 /* Frameworks */,
				7822F8DF2006790800439343 /* Resources */,
				B665D3C1FF836E9A83BF2E41 /* [CP] Embed Pods Frameworks */,
				D0FB0D4B1F17348AC153C6FD /* [CP] Copy Pods Resources */,
			);
			buildRules = (
			);
			dependencies = (
				7822F8E32006790800439343 /* PBXTargetDependency */,
			);
			name = FYPv4Tests;
			productName = FYPv4Tests;
			productReference = 7822F8E12006790800439343 /* FYPv4Tests.xctest */;
			productType = "com.apple.product-type.bundle.unit-test";
		};
		7822F8EB2006790800439343 /* FYPv4UITests */ = {
			isa = PBXNativeTarget;
			buildConfigurationList = 7822F8FB2006790800439343 /* Build configuration list for PBXNativeTarget "FYPv4UITests" */;
			buildPhases = (
				EBFD056B77F79A3345E5E8B2 /* [CP] Check Pods Manifest.lock */,
				7822F8E82006790800439343 /* Sources */,
				7822F8E92006790800439343 /* Frameworks */,
				7822F8EA2006790800439343 /* Resources */,
				545908F7BBC33FB6088C28C1 /* [CP] Embed Pods Frameworks */,
				9C608D24C946936387E3F6C8 /* [CP] Copy Pods Resources */,
			);
			buildRules = (
			);
			dependencies = (
				7822F8EE2006790800439343 /* PBXTargetDependency */,
			);
			name = FYPv4UITests;
			productName = FYPv4UITests;
			productReference = 7822F8EC2006790800439343 /* FYPv4UITests.xctest */;
			productType = "com.apple.product-type.bundle.ui-testing";
		};
/* End PBXNativeTarget section */

/* Begin PBXProject section */
		7822F8C22006790800439343 /* Project object */ = {
			isa = PBXProject;
			attributes = {
				LastSwiftUpdateCheck = 0920;
				LastUpgradeCheck = 0920;
				ORGANIZATIONNAME = BenKovacs;
				TargetAttributes = {
					7822F8C92006790800439343 = {
						CreatedOnToolsVersion = 9.2;
						ProvisioningStyle = Automatic;
					};
					7822F8E02006790800439343 = {
						CreatedOnToolsVersion = 9.2;
						ProvisioningStyle = Automatic;
						TestTargetID = 7822F8C92006790800439343;
					};
					7822F8EB2006790800439343 = {
						CreatedOnToolsVersion = 9.2;
						ProvisioningStyle = Automatic;
						TestTargetID = 7822F8C92006790800439343;
					};
				};
			};
			buildConfigurationList = 7822F8C52006790800439343 /* Build configuration list for PBXProject "FYPv4" */;
			compatibilityVersion = "Xcode 8.0";
			developmentRegion = en;
			hasScannedForEncodings = 0;
			knownRegions = (
				en,
				Base,
				he,
			);
			mainGroup = 7822F8C12006790800439343;
			productRefGroup = 7822F8CB2006790800439343 /* Products */;
			projectDirPath = "";
			projectRoot = "";
			targets = (
				7822F8C92006790800439343 /* FYPv4 */,
				7822F8E02006790800439343 /* FYPv4Tests */,
				7822F8EB2006790800439343 /* FYPv4UITests */,
			);
		};
/* End PBXProject section */

/* Begin PBXResourcesBuildPhase section */
		7822F8C82006790800439343 /* Resources */ = {
			isa = PBXResourcesBuildPhase;
			buildActionMask = 2147483647;
			files = (
				78F0B19E205718E500918F07 /* ModalWorkoutTypeViewController.xib in Resources */,
				782204952019462900439343 /* ProfileViewController.xib in Resources */,
				7823717220715B0000C3B2AB /* WorkoutDetailView.xib in Resources */,
				788AAAD3205068920015BE06 /* HomeCollectionReusableViewHeader.xib in Resources */,
				7822F8DB2006790800439343 /* LaunchScreen.storyboard in Resources */,
				78E5A6002062DC4000F9903F /* MovementDetailView.xib in Resources */,
				7822F9162011A39500439343 /* LoginViewController.xib in Resources */,
				788AAAC7204F350A0015BE06 /* HomeCollectionViewCell.xib in Resources */,
				7822F90F2010E65E00439343 /* HomeViewController.xib in Resources */,
				78E5A501206189A300F9903F /* CreateWorkoutViewController.xib in Resources */,
				7885954D206808AA00BA2371 /* PickerTableViewCell.xib in Resources */,
				788AAAD92050AFB10015BE06 /* RoutineTableViewCell.xib in Resources */,
				7885954920659B8200BA2371 /* InputTableViewCell.xib in Resources */,
				7822F8D82006790800439343 /* Assets.xcassets in Resources */,
				782828BF205A93AD00E1D80C /* EditMenuViewController.xib in Resources */,
				7822F8D32006790800439343 /* Main.storyboard in Resources */,
				7822049D2019478100439343 /* RoutineViewController.xib in Resources */,
			);
			runOnlyForDeploymentPostprocessing = 0;
		};
		7822F8DF2006790800439343 /* Resources */ = {
			isa = PBXResourcesBuildPhase;
			buildActionMask = 2147483647;
			files = (
			);
			runOnlyForDeploymentPostprocessing = 0;
		};
		7822F8EA2006790800439343 /* Resources */ = {
			isa = PBXResourcesBuildPhase;
			buildActionMask = 2147483647;
			files = (
			);
			runOnlyForDeploymentPostprocessing = 0;
		};
/* End PBXResourcesBuildPhase section */

/* Begin PBXShellScriptBuildPhase section */
		545908F7BBC33FB6088C28C1 /* [CP] Embed Pods Frameworks */ = {
			isa = PBXShellScriptBuildPhase;
			buildActionMask = 2147483647;
			files = (
			);
			inputPaths = (
			);
			name = "[CP] Embed Pods Frameworks";
			outputPaths = (
			);
			runOnlyForDeploymentPostprocessing = 0;
			shellPath = /bin/sh;
			shellScript = "\"${SRCROOT}/Pods/Target Support Files/Pods-FYPv4UITests/Pods-FYPv4UITests-frameworks.sh\"\n";
			showEnvVarsInLog = 0;
		};
		699967DF7E9A41CE9B329613 /* [CP] Check Pods Manifest.lock */ = {
			isa = PBXShellScriptBuildPhase;
			buildActionMask = 2147483647;
			files = (
			);
			inputPaths = (
				"${PODS_PODFILE_DIR_PATH}/Podfile.lock",
				"${PODS_ROOT}/Manifest.lock",
			);
			name = "[CP] Check Pods Manifest.lock";
			outputPaths = (
				"$(DERIVED_FILE_DIR)/Pods-FYPv4Tests-checkManifestLockResult.txt",
			);
			runOnlyForDeploymentPostprocessing = 0;
			shellPath = /bin/sh;
			shellScript = "diff \"${PODS_PODFILE_DIR_PATH}/Podfile.lock\" \"${PODS_ROOT}/Manifest.lock\" > /dev/null\nif [ $? != 0 ] ; then\n    # print error to STDERR\n    echo \"error: The sandbox is not in sync with the Podfile.lock. Run 'pod install' or update your CocoaPods installation.\" >&2\n    exit 1\nfi\n# This output is used by Xcode 'outputs' to avoid re-running this script phase.\necho \"SUCCESS\" > \"${SCRIPT_OUTPUT_FILE_0}\"\n";
			showEnvVarsInLog = 0;
		};
		9C608D24C946936387E3F6C8 /* [CP] Copy Pods Resources */ = {
			isa = PBXShellScriptBuildPhase;
			buildActionMask = 2147483647;
			files = (
			);
			inputPaths = (
			);
			name = "[CP] Copy Pods Resources";
			outputPaths = (
			);
			runOnlyForDeploymentPostprocessing = 0;
			shellPath = /bin/sh;
			shellScript = "\"${SRCROOT}/Pods/Target Support Files/Pods-FYPv4UITests/Pods-FYPv4UITests-resources.sh\"\n";
			showEnvVarsInLog = 0;
		};
		B665D3C1FF836E9A83BF2E41 /* [CP] Embed Pods Frameworks */ = {
			isa = PBXShellScriptBuildPhase;
			buildActionMask = 2147483647;
			files = (
			);
			inputPaths = (
			);
			name = "[CP] Embed Pods Frameworks";
			outputPaths = (
			);
			runOnlyForDeploymentPostprocessing = 0;
			shellPath = /bin/sh;
			shellScript = "\"${SRCROOT}/Pods/Target Support Files/Pods-FYPv4Tests/Pods-FYPv4Tests-frameworks.sh\"\n";
			showEnvVarsInLog = 0;
		};
		D0FB0D4B1F17348AC153C6FD /* [CP] Copy Pods Resources */ = {
			isa = PBXShellScriptBuildPhase;
			buildActionMask = 2147483647;
			files = (
			);
			inputPaths = (
			);
			name = "[CP] Copy Pods Resources";
			outputPaths = (
			);
			runOnlyForDeploymentPostprocessing = 0;
			shellPath = /bin/sh;
			shellScript = "\"${SRCROOT}/Pods/Target Support Files/Pods-FYPv4Tests/Pods-FYPv4Tests-resources.sh\"\n";
			showEnvVarsInLog = 0;
		};
		EBFD056B77F79A3345E5E8B2 /* [CP] Check Pods Manifest.lock */ = {
			isa = PBXShellScriptBuildPhase;
			buildActionMask = 2147483647;
			files = (
			);
			inputPaths = (
				"${PODS_PODFILE_DIR_PATH}/Podfile.lock",
				"${PODS_ROOT}/Manifest.lock",
			);
			name = "[CP] Check Pods Manifest.lock";
			outputPaths = (
				"$(DERIVED_FILE_DIR)/Pods-FYPv4UITests-checkManifestLockResult.txt",
			);
			runOnlyForDeploymentPostprocessing = 0;
			shellPath = /bin/sh;
			shellScript = "diff \"${PODS_PODFILE_DIR_PATH}/Podfile.lock\" \"${PODS_ROOT}/Manifest.lock\" > /dev/null\nif [ $? != 0 ] ; then\n    # print error to STDERR\n    echo \"error: The sandbox is not in sync with the Podfile.lock. Run 'pod install' or update your CocoaPods installation.\" >&2\n    exit 1\nfi\n# This output is used by Xcode 'outputs' to avoid re-running this script phase.\necho \"SUCCESS\" > \"${SCRIPT_OUTPUT_FILE_0}\"\n";
			showEnvVarsInLog = 0;
		};
/* End PBXShellScriptBuildPhase section */

/* Begin PBXSourcesBuildPhase section */
		7822F8C62006790800439343 /* Sources */ = {
			isa = PBXSourcesBuildPhase;
			buildActionMask = 2147483647;
			files = (
				78F0B19A2055A8BE00918F07 /* RoutineType.swift in Sources */,
				78D85006201C22B2008FFFB3 /* LoginViewControllerTextViewExtension.swift in Sources */,
				788AAAE1205168570015BE06 /* WorkoutType.swift in Sources */,
				7822049F201A53AB00439343 /* PeakUITextField.swift in Sources */,
				78F0B1982055A83200918F07 /* RoutineViewModel.swift in Sources */,
				78D9E6882031217000102F73 /* UIViewControllerExtension.swift in Sources */,
				788AAAE92051BCE70015BE06 /* CanSwitchTabBarViewControllers.swift in Sources */,
				788AAAE7205199E00015BE06 /* NoRoutineActionDelegate.swift in Sources */,
				7822F91C2012694000439343 /* NibLoadableView.swift in Sources */,
				7822F9072006821D00439343 /* Database.swift in Sources */,
				7822F92120126EAC00439343 /* Persistable.swift in Sources */,
				788AAADB2050B08B0015BE06 /* TableViewDelegatable.swift in Sources */,
				788AAAD520506B070015BE06 /* FYP + Date.swift in Sources */,
				7823717120715B0000C3B2AB /* WorkoutDetailView.swift in Sources */,
				788AAADD205166340015BE06 /* Routine.swift in Sources */,
				7822F8D62006790800439343 /* FYPv4.xcdatamodeld in Sources */,
				7823716C206D272300C3B2AB /* ErrorView.swift in Sources */,
				788AAACF205040B00015BE06 /* FYP + Fonts.swift in Sources */,
				7822F9252013E0EA00439343 /* LoginViewState.swift in Sources */,
				7822F8D02006790800439343 /* ViewController.swift in Sources */,
				788AAAC9204F36C80015BE06 /* CollectionViewDelegatable.swift in Sources */,
				7885954820659B8200BA2371 /* InputTableViewCell.swift in Sources */,
				78F0B18A20544C3100918F07 /* RoutineTableViewHeader.swift in Sources */,
				7823716A206C358D00C3B2AB /* WebWorkout.swift in Sources */,
				782204942019462900439343 /* ProfileViewController.swift in Sources */,
				788AAADF205166FA0015BE06 /* DaysOfTheWeek.swift in Sources */,
				78F0B18E2054C25000918F07 /* WorkoutDay.swift in Sources */,
				782828BE205A93AD00E1D80C /* EditMenuViewController.swift in Sources */,
				7822F91F20126A6500439343 /* Token.swift in Sources */,
				7822F8CE2006790800439343 /* AppDelegate.swift in Sources */,
				7876A72A204DF7A4001AEA9D /* FYP + Constraints.swift in Sources */,
				788AAAD2205068920015BE06 /* HomeCollectionReusableViewHeader.swift in Sources */,
				7822F90B200E40D400439343 /* User.swift in Sources */,
				7822F90E2010E65E00439343 /* HomeViewController.swift in Sources */,
				7822048F20193FA800439343 /* Router.swift in Sources */,
				7823716E206D288A00C3B2AB /* ErrorViewDelegate.swift in Sources */,
				78F0B18C2054C02800918F07 /* DayByDayModel.swift in Sources */,
				788AAACB204F884C0015BE06 /* FYP + CollectionView.swift in Sources */,
				7822F90220067BE700439343 /* Movement.swift in Sources */,
				78E5A5FF2062DC4000F9903F /* MovementDetailView.swift in Sources */,
				7822F8FF2006797C00439343 /* Workout.swift in Sources */,
				78F0B1A02057191900918F07 /* ModalDelegatable.swift in Sources */,
				788AAAE320517B110015BE06 /* UserAuthDelegatable.swift in Sources */,
				7822048B20193B3700439343 /* Resource.swift in Sources */,
				78D85000201BC0B0008FFFB3 /* BoolResponse.swift in Sources */,
				7822F923201272BB00439343 /* UserDefaultsStore.swift in Sources */,
				782204A3201A800000439343 /* UIColorExtension.swift in Sources */,
				78D85004201BE8F5008FFFB3 /* PeakUITextFieldDelegate.swift in Sources */,
				7822F9122010EBD300439343 /* TabItem.swift in Sources */,
				7822F9292013EA2C00439343 /* StringExtension.swift in Sources */,
				788AAAD82050AFB10015BE06 /* RoutineTableViewCell.swift in Sources */,
				78D85002201BDF78008FFFB3 /* Email.swift in Sources */,
				7822049C2019478100439343 /* RoutineViewController.swift in Sources */,
				78F0B188205387B500918F07 /* RoutineViewState.swift in Sources */,
				788AAAC6204F350A0015BE06 /* HomeCollectionViewCell.swift in Sources */,
				78F0B19D205718E500918F07 /* ModalWorkoutTypeViewController.swift in Sources */,
				7822F9272013E86100439343 /* Result.swift in Sources */,
				7822F9092006893600439343 /* Workouts.swift in Sources */,
				788AAACD204F8A890015BE06 /* ViewControllerStyles.swift in Sources */,
				788AAAF02051D41C0015BE06 /* FYP + UIButton.swift in Sources */,
				788AAAE52051944C0015BE06 /* NoRoutineUIView.swift in Sources */,
				7885954C206808AA00BA2371 /* PickerTableViewCell.swift in Sources */,
				78E5A500206189A300F9903F /* CreateWorkoutViewController.swift in Sources */,
				7876A727204DF6FB001AEA9D /* ViewConfigurable.swift in Sources */,
				7822048D20193CC200439343 /* WebService.swift in Sources */,
				7822F9152011A39500439343 /* LoginViewController.swift in Sources */,
			);
			runOnlyForDeploymentPostprocessing = 0;
		};
		7822F8DD2006790800439343 /* Sources */ = {
			isa = PBXSourcesBuildPhase;
			buildActionMask = 2147483647;
			files = (
				7822F8E62006790800439343 /* FYPv4Tests.swift in Sources */,
			);
			runOnlyForDeploymentPostprocessing = 0;
		};
		7822F8E82006790800439343 /* Sources */ = {
			isa = PBXSourcesBuildPhase;
			buildActionMask = 2147483647;
			files = (
				7822F8F12006790800439343 /* FYPv4UITests.swift in Sources */,
			);
			runOnlyForDeploymentPostprocessing = 0;
		};
/* End PBXSourcesBuildPhase section */

/* Begin PBXTargetDependency section */
		7822F8E32006790800439343 /* PBXTargetDependency */ = {
			isa = PBXTargetDependency;
			target = 7822F8C92006790800439343 /* FYPv4 */;
			targetProxy = 7822F8E22006790800439343 /* PBXContainerItemProxy */;
		};
		7822F8EE2006790800439343 /* PBXTargetDependency */ = {
			isa = PBXTargetDependency;
			target = 7822F8C92006790800439343 /* FYPv4 */;
			targetProxy = 7822F8ED2006790800439343 /* PBXContainerItemProxy */;
		};
/* End PBXTargetDependency section */

/* Begin PBXVariantGroup section */
		7822F8D12006790800439343 /* Main.storyboard */ = {
			isa = PBXVariantGroup;
			children = (
				7822F8D22006790800439343 /* Base */,
			);
			name = Main.storyboard;
			sourceTree = "<group>";
		};
		7822F8D92006790800439343 /* LaunchScreen.storyboard */ = {
			isa = PBXVariantGroup;
			children = (
				7822F8DA2006790800439343 /* Base */,
			);
			name = LaunchScreen.storyboard;
			sourceTree = "<group>";
		};
/* End PBXVariantGroup section */

/* Begin XCBuildConfiguration section */
		7822F8F32006790800439343 /* Debug */ = {
			isa = XCBuildConfiguration;
			buildSettings = {
				ALWAYS_SEARCH_USER_PATHS = NO;
				CLANG_ANALYZER_NONNULL = YES;
				CLANG_ANALYZER_NUMBER_OBJECT_CONVERSION = YES_AGGRESSIVE;
				CLANG_CXX_LANGUAGE_STANDARD = "gnu++14";
				CLANG_CXX_LIBRARY = "libc++";
				CLANG_ENABLE_MODULES = YES;
				CLANG_ENABLE_OBJC_ARC = YES;
				CLANG_WARN_BLOCK_CAPTURE_AUTORELEASING = YES;
				CLANG_WARN_BOOL_CONVERSION = YES;
				CLANG_WARN_COMMA = YES;
				CLANG_WARN_CONSTANT_CONVERSION = YES;
				CLANG_WARN_DIRECT_OBJC_ISA_USAGE = YES_ERROR;
				CLANG_WARN_DOCUMENTATION_COMMENTS = YES;
				CLANG_WARN_EMPTY_BODY = YES;
				CLANG_WARN_ENUM_CONVERSION = YES;
				CLANG_WARN_INFINITE_RECURSION = YES;
				CLANG_WARN_INT_CONVERSION = YES;
				CLANG_WARN_NON_LITERAL_NULL_CONVERSION = YES;
				CLANG_WARN_OBJC_LITERAL_CONVERSION = YES;
				CLANG_WARN_OBJC_ROOT_CLASS = YES_ERROR;
				CLANG_WARN_RANGE_LOOP_ANALYSIS = YES;
				CLANG_WARN_STRICT_PROTOTYPES = YES;
				CLANG_WARN_SUSPICIOUS_MOVE = YES;
				CLANG_WARN_UNGUARDED_AVAILABILITY = YES_AGGRESSIVE;
				CLANG_WARN_UNREACHABLE_CODE = YES;
				CLANG_WARN__DUPLICATE_METHOD_MATCH = YES;
				CODE_SIGN_IDENTITY = "iPhone Developer";
				COPY_PHASE_STRIP = NO;
				DEBUG_INFORMATION_FORMAT = dwarf;
				ENABLE_STRICT_OBJC_MSGSEND = YES;
				ENABLE_TESTABILITY = YES;
				GCC_C_LANGUAGE_STANDARD = gnu11;
				GCC_DYNAMIC_NO_PIC = NO;
				GCC_NO_COMMON_BLOCKS = YES;
				GCC_OPTIMIZATION_LEVEL = 0;
				GCC_PREPROCESSOR_DEFINITIONS = (
					"DEBUG=1",
					"$(inherited)",
				);
				GCC_WARN_64_TO_32_BIT_CONVERSION = YES;
				GCC_WARN_ABOUT_RETURN_TYPE = YES_ERROR;
				GCC_WARN_UNDECLARED_SELECTOR = YES;
				GCC_WARN_UNINITIALIZED_AUTOS = YES_AGGRESSIVE;
				GCC_WARN_UNUSED_FUNCTION = YES;
				GCC_WARN_UNUSED_VARIABLE = YES;
				IPHONEOS_DEPLOYMENT_TARGET = 11.2;
				MTL_ENABLE_DEBUG_INFO = YES;
				ONLY_ACTIVE_ARCH = YES;
				SDKROOT = iphoneos;
				SWIFT_ACTIVE_COMPILATION_CONDITIONS = DEBUG;
				SWIFT_OPTIMIZATION_LEVEL = "-Onone";
			};
			name = Debug;
		};
		7822F8F42006790800439343 /* Release */ = {
			isa = XCBuildConfiguration;
			buildSettings = {
				ALWAYS_SEARCH_USER_PATHS = NO;
				CLANG_ANALYZER_NONNULL = YES;
				CLANG_ANALYZER_NUMBER_OBJECT_CONVERSION = YES_AGGRESSIVE;
				CLANG_CXX_LANGUAGE_STANDARD = "gnu++14";
				CLANG_CXX_LIBRARY = "libc++";
				CLANG_ENABLE_MODULES = YES;
				CLANG_ENABLE_OBJC_ARC = YES;
				CLANG_WARN_BLOCK_CAPTURE_AUTORELEASING = YES;
				CLANG_WARN_BOOL_CONVERSION = YES;
				CLANG_WARN_COMMA = YES;
				CLANG_WARN_CONSTANT_CONVERSION = YES;
				CLANG_WARN_DIRECT_OBJC_ISA_USAGE = YES_ERROR;
				CLANG_WARN_DOCUMENTATION_COMMENTS = YES;
				CLANG_WARN_EMPTY_BODY = YES;
				CLANG_WARN_ENUM_CONVERSION = YES;
				CLANG_WARN_INFINITE_RECURSION = YES;
				CLANG_WARN_INT_CONVERSION = YES;
				CLANG_WARN_NON_LITERAL_NULL_CONVERSION = YES;
				CLANG_WARN_OBJC_LITERAL_CONVERSION = YES;
				CLANG_WARN_OBJC_ROOT_CLASS = YES_ERROR;
				CLANG_WARN_RANGE_LOOP_ANALYSIS = YES;
				CLANG_WARN_STRICT_PROTOTYPES = YES;
				CLANG_WARN_SUSPICIOUS_MOVE = YES;
				CLANG_WARN_UNGUARDED_AVAILABILITY = YES_AGGRESSIVE;
				CLANG_WARN_UNREACHABLE_CODE = YES;
				CLANG_WARN__DUPLICATE_METHOD_MATCH = YES;
				CODE_SIGN_IDENTITY = "iPhone Developer";
				COPY_PHASE_STRIP = NO;
				DEBUG_INFORMATION_FORMAT = "dwarf-with-dsym";
				ENABLE_NS_ASSERTIONS = NO;
				ENABLE_STRICT_OBJC_MSGSEND = YES;
				GCC_C_LANGUAGE_STANDARD = gnu11;
				GCC_NO_COMMON_BLOCKS = YES;
				GCC_WARN_64_TO_32_BIT_CONVERSION = YES;
				GCC_WARN_ABOUT_RETURN_TYPE = YES_ERROR;
				GCC_WARN_UNDECLARED_SELECTOR = YES;
				GCC_WARN_UNINITIALIZED_AUTOS = YES_AGGRESSIVE;
				GCC_WARN_UNUSED_FUNCTION = YES;
				GCC_WARN_UNUSED_VARIABLE = YES;
				IPHONEOS_DEPLOYMENT_TARGET = 11.2;
				MTL_ENABLE_DEBUG_INFO = NO;
				SDKROOT = iphoneos;
				SWIFT_OPTIMIZATION_LEVEL = "-Owholemodule";
				VALIDATE_PRODUCT = YES;
			};
			name = Release;
		};
		7822F8F62006790800439343 /* Debug */ = {
			isa = XCBuildConfiguration;
			buildSettings = {
				ASSETCATALOG_COMPILER_APPICON_NAME = AppIcon;
				CODE_SIGN_STYLE = Automatic;
				DEVELOPMENT_TEAM = MT3G5MQL99;
				INFOPLIST_FILE = FYPv4/Info.plist;
				LD_RUNPATH_SEARCH_PATHS = "$(inherited) @executable_path/Frameworks";
				PRODUCT_BUNDLE_IDENTIFIER = com.BenKovacs.FYPv4;
				PRODUCT_NAME = "$(TARGET_NAME)";
				SWIFT_VERSION = 4.0;
				TARGETED_DEVICE_FAMILY = "1,2";
			};
			name = Debug;
		};
		7822F8F72006790800439343 /* Release */ = {
			isa = XCBuildConfiguration;
			buildSettings = {
				ASSETCATALOG_COMPILER_APPICON_NAME = AppIcon;
				CODE_SIGN_STYLE = Automatic;
				DEVELOPMENT_TEAM = MT3G5MQL99;
				INFOPLIST_FILE = FYPv4/Info.plist;
				LD_RUNPATH_SEARCH_PATHS = "$(inherited) @executable_path/Frameworks";
				PRODUCT_BUNDLE_IDENTIFIER = com.BenKovacs.FYPv4;
				PRODUCT_NAME = "$(TARGET_NAME)";
				SWIFT_VERSION = 4.0;
				TARGETED_DEVICE_FAMILY = "1,2";
			};
			name = Release;
		};
		7822F8F92006790800439343 /* Debug */ = {
			isa = XCBuildConfiguration;
			buildSettings = {
				ALWAYS_EMBED_SWIFT_STANDARD_LIBRARIES = YES;
				BUNDLE_LOADER = "$(TEST_HOST)";
				CODE_SIGN_STYLE = Automatic;
				DEVELOPMENT_TEAM = MT3G5MQL99;
				INFOPLIST_FILE = FYPv4Tests/Info.plist;
				LD_RUNPATH_SEARCH_PATHS = "$(inherited) @executable_path/Frameworks @loader_path/Frameworks";
				PRODUCT_BUNDLE_IDENTIFIER = com.BenKovacs.FYPv4Tests;
				PRODUCT_NAME = "$(TARGET_NAME)";
				SWIFT_VERSION = 4.0;
				TARGETED_DEVICE_FAMILY = "1,2";
				TEST_HOST = "$(BUILT_PRODUCTS_DIR)/FYPv4.app/FYPv4";
			};
			name = Debug;
		};
		7822F8FA2006790800439343 /* Release */ = {
			isa = XCBuildConfiguration;
			buildSettings = {
				ALWAYS_EMBED_SWIFT_STANDARD_LIBRARIES = YES;
				BUNDLE_LOADER = "$(TEST_HOST)";
				CODE_SIGN_STYLE = Automatic;
				DEVELOPMENT_TEAM = MT3G5MQL99;
				INFOPLIST_FILE = FYPv4Tests/Info.plist;
				LD_RUNPATH_SEARCH_PATHS = "$(inherited) @executable_path/Frameworks @loader_path/Frameworks";
				PRODUCT_BUNDLE_IDENTIFIER = com.BenKovacs.FYPv4Tests;
				PRODUCT_NAME = "$(TARGET_NAME)";
				SWIFT_VERSION = 4.0;
				TARGETED_DEVICE_FAMILY = "1,2";
				TEST_HOST = "$(BUILT_PRODUCTS_DIR)/FYPv4.app/FYPv4";
			};
			name = Release;
		};
		7822F8FC2006790800439343 /* Debug */ = {
			isa = XCBuildConfiguration;
			buildSettings = {
				ALWAYS_EMBED_SWIFT_STANDARD_LIBRARIES = YES;
				CODE_SIGN_STYLE = Automatic;
				DEVELOPMENT_TEAM = MT3G5MQL99;
				INFOPLIST_FILE = FYPv4UITests/Info.plist;
				LD_RUNPATH_SEARCH_PATHS = "$(inherited) @executable_path/Frameworks @loader_path/Frameworks";
				PRODUCT_BUNDLE_IDENTIFIER = com.BenKovacs.FYPv4UITests;
				PRODUCT_NAME = "$(TARGET_NAME)";
				SWIFT_VERSION = 4.0;
				TARGETED_DEVICE_FAMILY = "1,2";
				TEST_TARGET_NAME = FYPv4;
			};
			name = Debug;
		};
		7822F8FD2006790800439343 /* Release */ = {
			isa = XCBuildConfiguration;
			buildSettings = {
				ALWAYS_EMBED_SWIFT_STANDARD_LIBRARIES = YES;
				CODE_SIGN_STYLE = Automatic;
				DEVELOPMENT_TEAM = MT3G5MQL99;
				INFOPLIST_FILE = FYPv4UITests/Info.plist;
				LD_RUNPATH_SEARCH_PATHS = "$(inherited) @executable_path/Frameworks @loader_path/Frameworks";
				PRODUCT_BUNDLE_IDENTIFIER = com.BenKovacs.FYPv4UITests;
				PRODUCT_NAME = "$(TARGET_NAME)";
				SWIFT_VERSION = 4.0;
				TARGETED_DEVICE_FAMILY = "1,2";
				TEST_TARGET_NAME = FYPv4;
			};
			name = Release;
		};
/* End XCBuildConfiguration section */

/* Begin XCConfigurationList section */
		7822F8C52006790800439343 /* Build configuration list for PBXProject "FYPv4" */ = {
			isa = XCConfigurationList;
			buildConfigurations = (
				7822F8F32006790800439343 /* Debug */,
				7822F8F42006790800439343 /* Release */,
			);
			defaultConfigurationIsVisible = 0;
			defaultConfigurationName = Release;
		};
		7822F8F52006790800439343 /* Build configuration list for PBXNativeTarget "FYPv4" */ = {
			isa = XCConfigurationList;
			buildConfigurations = (
				7822F8F62006790800439343 /* Debug */,
				7822F8F72006790800439343 /* Release */,
			);
			defaultConfigurationIsVisible = 0;
			defaultConfigurationName = Release;
		};
		7822F8F82006790800439343 /* Build configuration list for PBXNativeTarget "FYPv4Tests" */ = {
			isa = XCConfigurationList;
			buildConfigurations = (
				7822F8F92006790800439343 /* Debug */,
				7822F8FA2006790800439343 /* Release */,
			);
			defaultConfigurationIsVisible = 0;
			defaultConfigurationName = Release;
		};
		7822F8FB2006790800439343 /* Build configuration list for PBXNativeTarget "FYPv4UITests" */ = {
			isa = XCConfigurationList;
			buildConfigurations = (
				7822F8FC2006790800439343 /* Debug */,
				7822F8FD2006790800439343 /* Release */,
			);
			defaultConfigurationIsVisible = 0;
			defaultConfigurationName = Release;
		};
/* End XCConfigurationList section */

/* Begin XCVersionGroup section */
		7822F8D42006790800439343 /* FYPv4.xcdatamodeld */ = {
			isa = XCVersionGroup;
			children = (
				7822F8D52006790800439343 /* FYPv4.xcdatamodel */,
			);
			currentVersion = 7822F8D52006790800439343 /* FYPv4.xcdatamodel */;
			path = FYPv4.xcdatamodeld;
			sourceTree = "<group>";
			versionGroupType = wrapper.xcdatamodel;
		};
/* End XCVersionGroup section */
	};
	rootObject = 7822F8C22006790800439343 /* Project object */;
}
